// !$*UTF8*$!
{
	archiveVersion = 1;
	classes = {
	};
	objectVersion = 51;
	objects = {

/* Begin PBXBuildFile section */
		6502931626550B1700EC5585 /* ActivitiesViewController+Design.swift in Sources */ = {isa = PBXBuildFile; fileRef = 6502931526550B1700EC5585 /* ActivitiesViewController+Design.swift */; };
		6502931C26553CA200EC5585 /* ActivityUseCase.swift in Sources */ = {isa = PBXBuildFile; fileRef = 6502931B26553CA200EC5585 /* ActivityUseCase.swift */; };
		6502932026553D2000EC5585 /* ActivityRepositoryProtocol.swift in Sources */ = {isa = PBXBuildFile; fileRef = 6502931F26553D2000EC5585 /* ActivityRepositoryProtocol.swift */; };
		650293232655B0F700EC5585 /* ActivityDataRepository.swift in Sources */ = {isa = PBXBuildFile; fileRef = 650293222655B0F700EC5585 /* ActivityDataRepository.swift */; };
		650293262655B2A700EC5585 /* ActivityCoreDataSourceProtocol.swift in Sources */ = {isa = PBXBuildFile; fileRef = 650293252655B2A700EC5585 /* ActivityCoreDataSourceProtocol.swift */; };
		650293292655B4F500EC5585 /* ActivityCoreDataSource.swift in Sources */ = {isa = PBXBuildFile; fileRef = 650293282655B4F500EC5585 /* ActivityCoreDataSource.swift */; };
		6520D2F2265C35AB00F223F9 /* ActivityCell.swift in Sources */ = {isa = PBXBuildFile; fileRef = 6520D2F1265C35AB00F223F9 /* ActivityCell.swift */; };
		6520D2F9265C3ED000F223F9 /* ActivityCollectionViewCell.swift in Sources */ = {isa = PBXBuildFile; fileRef = 6520D2F8265C3ED000F223F9 /* ActivityCollectionViewCell.swift */; };
		652CDEE52672845000A7BE2F /* GoogleService-Info.plist in Resources */ = {isa = PBXBuildFile; fileRef = 652CDEE42672845000A7BE2F /* GoogleService-Info.plist */; };
		652CDEE7267297D400A7BE2F /* LoginViewProtocol.swift in Sources */ = {isa = PBXBuildFile; fileRef = 652CDEE6267297D400A7BE2F /* LoginViewProtocol.swift */; };
		652CDEE92672A10F00A7BE2F /* LoginResponse.swift in Sources */ = {isa = PBXBuildFile; fileRef = 652CDEE82672A10F00A7BE2F /* LoginResponse.swift */; };
		654501222654671200F31431 /* Activity.swift in Sources */ = {isa = PBXBuildFile; fileRef = 654501212654671200F31431 /* Activity.swift */; };
		655A86DC26725CE800425E5F /* LoginViewPresenter.swift in Sources */ = {isa = PBXBuildFile; fileRef = 655A86DB26725CE800425E5F /* LoginViewPresenter.swift */; };
		655A86DF26725CFF00425E5F /* LoginViewController.swift in Sources */ = {isa = PBXBuildFile; fileRef = 655A86DE26725CFF00425E5F /* LoginViewController.swift */; };
		655A86E126725D1100425E5F /* LoginViewController+Design.swift in Sources */ = {isa = PBXBuildFile; fileRef = 655A86E026725D1100425E5F /* LoginViewController+Design.swift */; };
		656944CB266FE3D40034D52C /* SettingsViewController+Design.swift in Sources */ = {isa = PBXBuildFile; fileRef = 656944CA266FE3D40034D52C /* SettingsViewController+Design.swift */; };
		656944CD266FED5D0034D52C /* Quote.swift in Sources */ = {isa = PBXBuildFile; fileRef = 656944CC266FED5D0034D52C /* Quote.swift */; };
		656944CF266FEEAE0034D52C /* MotivationViewController+Design.swift in Sources */ = {isa = PBXBuildFile; fileRef = 656944CE266FEEAE0034D52C /* MotivationViewController+Design.swift */; };
		656944D3266FFF5F0034D52C /* NetworkService.swift in Sources */ = {isa = PBXBuildFile; fileRef = 656944D2266FFF5F0034D52C /* NetworkService.swift */; };
		656944D5266FFF830034D52C /* NetworkingProtocol.swift in Sources */ = {isa = PBXBuildFile; fileRef = 656944D4266FFF830034D52C /* NetworkingProtocol.swift */; };
		656944D7266FFFB30034D52C /* RequestError.swift in Sources */ = {isa = PBXBuildFile; fileRef = 656944D6266FFFB30034D52C /* RequestError.swift */; };
		656944DC2670839E0034D52C /* MotivationPresenter.swift in Sources */ = {isa = PBXBuildFile; fileRef = 656944DB2670839E0034D52C /* MotivationPresenter.swift */; };
		656944DE2670848F0034D52C /* MotivationViewProtocol.swift in Sources */ = {isa = PBXBuildFile; fileRef = 656944DD2670848F0034D52C /* MotivationViewProtocol.swift */; };
		656944E5267087400034D52C /* OverviewPresenter.swift in Sources */ = {isa = PBXBuildFile; fileRef = 656944E4267087400034D52C /* OverviewPresenter.swift */; };
		656944E72670874D0034D52C /* HomeViewPresenter.swift in Sources */ = {isa = PBXBuildFile; fileRef = 656944E62670874D0034D52C /* HomeViewPresenter.swift */; };
		656944E92670875C0034D52C /* ActivitiesPresenter.swift in Sources */ = {isa = PBXBuildFile; fileRef = 656944E82670875C0034D52C /* ActivitiesPresenter.swift */; };
		656944EB267087650034D52C /* SettingsPresenter.swift in Sources */ = {isa = PBXBuildFile; fileRef = 656944EA267087650034D52C /* SettingsPresenter.swift */; };
		656944ED2670929F0034D52C /* HomeViewController+Design.swift in Sources */ = {isa = PBXBuildFile; fileRef = 656944EC2670929F0034D52C /* HomeViewController+Design.swift */; };
		656944EF267093440034D52C /* ActivityCollectionViewCell+Design.swift in Sources */ = {isa = PBXBuildFile; fileRef = 656944EE267093440034D52C /* ActivityCollectionViewCell+Design.swift */; };
		6589AD382692FA6E00A95016 /* OverviewViewController+Design.swift in Sources */ = {isa = PBXBuildFile; fileRef = 6589AD372692FA6E00A95016 /* OverviewViewController+Design.swift */; };
		728077366ADA2B308E3C0BA0 /* ActivitiesViewController.swift in Sources */ = {isa = PBXBuildFile; fileRef = 7280799B0B385475E2E1A51A /* ActivitiesViewController.swift */; };
		7280789EB48A7D9F15DD7643 /* MotivationViewController.swift in Sources */ = {isa = PBXBuildFile; fileRef = 72807D6EE4BE58362C400579 /* MotivationViewController.swift */; };
		72807905F267C69539D692D7 /* OverviewViewController.swift in Sources */ = {isa = PBXBuildFile; fileRef = 728077C3571B6A7AACCEE60E /* OverviewViewController.swift */; };
		72807EC0818E5653456CC9C0 /* SettingsViewController.swift in Sources */ = {isa = PBXBuildFile; fileRef = 72807F4AAF1199E9FF75DBA2 /* SettingsViewController.swift */; };
		8A2EC94D41ABFB926B243AD1 /* Pods_Productivity_Tracker.framework in Frameworks */ = {isa = PBXBuildFile; fileRef = 38CF94237607BA1F6AB0D99F /* Pods_Productivity_Tracker.framework */; };
		F65680552670CA4800266167 /* MotivationViewController+Delegate.swift in Sources */ = {isa = PBXBuildFile; fileRef = F65680542670CA4800266167 /* MotivationViewController+Delegate.swift */; };
		F65680572670F64700266167 /* ActivitiesViewDelegate.swift in Sources */ = {isa = PBXBuildFile; fileRef = F65680562670F64700266167 /* ActivitiesViewDelegate.swift */; };
		F65680592670F66D00266167 /* ActivitiesViewController+Delegate.swift in Sources */ = {isa = PBXBuildFile; fileRef = F65680582670F66D00266167 /* ActivitiesViewController+Delegate.swift */; };
		F656805B26710EA600266167 /* CreateActivityViewController.swift in Sources */ = {isa = PBXBuildFile; fileRef = F656805A26710EA600266167 /* CreateActivityViewController.swift */; };
		F6B5AD09264C947C005B3CCC /* AppDelegate.swift in Sources */ = {isa = PBXBuildFile; fileRef = F6B5AD08264C947C005B3CCC /* AppDelegate.swift */; };
		F6B5AD0B264C947C005B3CCC /* SceneDelegate.swift in Sources */ = {isa = PBXBuildFile; fileRef = F6B5AD0A264C947C005B3CCC /* SceneDelegate.swift */; };
		F6B5AD13264C947C005B3CCC /* Productivity_Tracker.xcdatamodeld in Sources */ = {isa = PBXBuildFile; fileRef = F6B5AD11264C947C005B3CCC /* Productivity_Tracker.xcdatamodeld */; };
		F6B5AD15264C947D005B3CCC /* Assets.xcassets in Resources */ = {isa = PBXBuildFile; fileRef = F6B5AD14264C947D005B3CCC /* Assets.xcassets */; };
		F6B5AD18264C947D005B3CCC /* LaunchScreen.storyboard in Resources */ = {isa = PBXBuildFile; fileRef = F6B5AD16264C947D005B3CCC /* LaunchScreen.storyboard */; };
		F6B5AD21264C94BE005B3CCC /* AppCoordinator.swift in Sources */ = {isa = PBXBuildFile; fileRef = F6B5AD20264C94BE005B3CCC /* AppCoordinator.swift */; };
		F6B5AD26264C96AA005B3CCC /* HomeViewController.swift in Sources */ = {isa = PBXBuildFile; fileRef = F6B5AD25264C96AA005B3CCC /* HomeViewController.swift */; };
		F6B9B53F268E0D2B004EFD92 /* ActivityItem+CoreDataClass.swift in Sources */ = {isa = PBXBuildFile; fileRef = F6B9B53B268E0D2B004EFD92 /* ActivityItem+CoreDataClass.swift */; };
		F6B9B540268E0D2B004EFD92 /* ActivityItem+CoreDataProperties.swift in Sources */ = {isa = PBXBuildFile; fileRef = F6B9B53C268E0D2B004EFD92 /* ActivityItem+CoreDataProperties.swift */; };
		F6B9B541268E0D2B004EFD92 /* ActivityScore+CoreDataClass.swift in Sources */ = {isa = PBXBuildFile; fileRef = F6B9B53D268E0D2B004EFD92 /* ActivityScore+CoreDataClass.swift */; };
		F6B9B542268E0D2B004EFD92 /* ActivityScore+CoreDataProperties.swift in Sources */ = {isa = PBXBuildFile; fileRef = F6B9B53E268E0D2B004EFD92 /* ActivityScore+CoreDataProperties.swift */; };
/* End PBXBuildFile section */

/* Begin PBXFileReference section */
		38CF94237607BA1F6AB0D99F /* Pods_Productivity_Tracker.framework */ = {isa = PBXFileReference; explicitFileType = wrapper.framework; includeInIndex = 0; path = Pods_Productivity_Tracker.framework; sourceTree = BUILT_PRODUCTS_DIR; };
		6502931526550B1700EC5585 /* ActivitiesViewController+Design.swift */ = {isa = PBXFileReference; lastKnownFileType = sourcecode.swift; path = "ActivitiesViewController+Design.swift"; sourceTree = "<group>"; };
		6502931B26553CA200EC5585 /* ActivityUseCase.swift */ = {isa = PBXFileReference; lastKnownFileType = sourcecode.swift; path = ActivityUseCase.swift; sourceTree = "<group>"; };
		6502931F26553D2000EC5585 /* ActivityRepositoryProtocol.swift */ = {isa = PBXFileReference; lastKnownFileType = sourcecode.swift; path = ActivityRepositoryProtocol.swift; sourceTree = "<group>"; };
		650293222655B0F700EC5585 /* ActivityDataRepository.swift */ = {isa = PBXFileReference; lastKnownFileType = sourcecode.swift; path = ActivityDataRepository.swift; sourceTree = "<group>"; };
		650293252655B2A700EC5585 /* ActivityCoreDataSourceProtocol.swift */ = {isa = PBXFileReference; lastKnownFileType = sourcecode.swift; path = ActivityCoreDataSourceProtocol.swift; sourceTree = "<group>"; };
		650293282655B4F500EC5585 /* ActivityCoreDataSource.swift */ = {isa = PBXFileReference; lastKnownFileType = sourcecode.swift; path = ActivityCoreDataSource.swift; sourceTree = "<group>"; };
		6520D2F1265C35AB00F223F9 /* ActivityCell.swift */ = {isa = PBXFileReference; lastKnownFileType = sourcecode.swift; path = ActivityCell.swift; sourceTree = "<group>"; };
		6520D2F8265C3ED000F223F9 /* ActivityCollectionViewCell.swift */ = {isa = PBXFileReference; lastKnownFileType = sourcecode.swift; path = ActivityCollectionViewCell.swift; sourceTree = "<group>"; };
		652CDEE42672845000A7BE2F /* GoogleService-Info.plist */ = {isa = PBXFileReference; fileEncoding = 4; lastKnownFileType = text.plist.xml; path = "GoogleService-Info.plist"; sourceTree = "<group>"; };
		652CDEE6267297D400A7BE2F /* LoginViewProtocol.swift */ = {isa = PBXFileReference; lastKnownFileType = sourcecode.swift; path = LoginViewProtocol.swift; sourceTree = "<group>"; };
		652CDEE82672A10F00A7BE2F /* LoginResponse.swift */ = {isa = PBXFileReference; lastKnownFileType = sourcecode.swift; path = LoginResponse.swift; sourceTree = "<group>"; };
		654501212654671200F31431 /* Activity.swift */ = {isa = PBXFileReference; lastKnownFileType = sourcecode.swift; path = Activity.swift; sourceTree = "<group>"; };
		655A86DB26725CE800425E5F /* LoginViewPresenter.swift */ = {isa = PBXFileReference; lastKnownFileType = sourcecode.swift; path = LoginViewPresenter.swift; sourceTree = "<group>"; };
		655A86DE26725CFF00425E5F /* LoginViewController.swift */ = {isa = PBXFileReference; lastKnownFileType = sourcecode.swift; path = LoginViewController.swift; sourceTree = "<group>"; };
		655A86E026725D1100425E5F /* LoginViewController+Design.swift */ = {isa = PBXFileReference; lastKnownFileType = sourcecode.swift; path = "LoginViewController+Design.swift"; sourceTree = "<group>"; };
		656944CA266FE3D40034D52C /* SettingsViewController+Design.swift */ = {isa = PBXFileReference; lastKnownFileType = sourcecode.swift; path = "SettingsViewController+Design.swift"; sourceTree = "<group>"; };
		656944CC266FED5D0034D52C /* Quote.swift */ = {isa = PBXFileReference; lastKnownFileType = sourcecode.swift; path = Quote.swift; sourceTree = "<group>"; };
		656944CE266FEEAE0034D52C /* MotivationViewController+Design.swift */ = {isa = PBXFileReference; lastKnownFileType = sourcecode.swift; path = "MotivationViewController+Design.swift"; sourceTree = "<group>"; };
		656944D2266FFF5F0034D52C /* NetworkService.swift */ = {isa = PBXFileReference; lastKnownFileType = sourcecode.swift; path = NetworkService.swift; sourceTree = "<group>"; };
		656944D4266FFF830034D52C /* NetworkingProtocol.swift */ = {isa = PBXFileReference; lastKnownFileType = sourcecode.swift; path = NetworkingProtocol.swift; sourceTree = "<group>"; };
		656944D6266FFFB30034D52C /* RequestError.swift */ = {isa = PBXFileReference; lastKnownFileType = sourcecode.swift; path = RequestError.swift; sourceTree = "<group>"; };
		656944DB2670839E0034D52C /* MotivationPresenter.swift */ = {isa = PBXFileReference; lastKnownFileType = sourcecode.swift; path = MotivationPresenter.swift; sourceTree = "<group>"; };
		656944DD2670848F0034D52C /* MotivationViewProtocol.swift */ = {isa = PBXFileReference; lastKnownFileType = sourcecode.swift; path = MotivationViewProtocol.swift; sourceTree = "<group>"; };
		656944E4267087400034D52C /* OverviewPresenter.swift */ = {isa = PBXFileReference; lastKnownFileType = sourcecode.swift; path = OverviewPresenter.swift; sourceTree = "<group>"; };
		656944E62670874D0034D52C /* HomeViewPresenter.swift */ = {isa = PBXFileReference; lastKnownFileType = sourcecode.swift; path = HomeViewPresenter.swift; sourceTree = "<group>"; };
		656944E82670875C0034D52C /* ActivitiesPresenter.swift */ = {isa = PBXFileReference; lastKnownFileType = sourcecode.swift; path = ActivitiesPresenter.swift; sourceTree = "<group>"; };
		656944EA267087650034D52C /* SettingsPresenter.swift */ = {isa = PBXFileReference; lastKnownFileType = sourcecode.swift; path = SettingsPresenter.swift; sourceTree = "<group>"; };
		656944EC2670929F0034D52C /* HomeViewController+Design.swift */ = {isa = PBXFileReference; lastKnownFileType = sourcecode.swift; path = "HomeViewController+Design.swift"; sourceTree = "<group>"; };
		656944EE267093440034D52C /* ActivityCollectionViewCell+Design.swift */ = {isa = PBXFileReference; lastKnownFileType = sourcecode.swift; path = "ActivityCollectionViewCell+Design.swift"; sourceTree = "<group>"; };
		6589AD372692FA6E00A95016 /* OverviewViewController+Design.swift */ = {isa = PBXFileReference; lastKnownFileType = sourcecode.swift; path = "OverviewViewController+Design.swift"; sourceTree = "<group>"; };
		678F7923EE116254B419D0B1 /* Pods-Productivity Tracker.release.xcconfig */ = {isa = PBXFileReference; includeInIndex = 1; lastKnownFileType = text.xcconfig; name = "Pods-Productivity Tracker.release.xcconfig"; path = "Target Support Files/Pods-Productivity Tracker/Pods-Productivity Tracker.release.xcconfig"; sourceTree = "<group>"; };
		728077C3571B6A7AACCEE60E /* OverviewViewController.swift */ = {isa = PBXFileReference; fileEncoding = 4; lastKnownFileType = sourcecode.swift; path = OverviewViewController.swift; sourceTree = "<group>"; };
		7280799B0B385475E2E1A51A /* ActivitiesViewController.swift */ = {isa = PBXFileReference; fileEncoding = 4; lastKnownFileType = sourcecode.swift; path = ActivitiesViewController.swift; sourceTree = "<group>"; };
		72807D6EE4BE58362C400579 /* MotivationViewController.swift */ = {isa = PBXFileReference; fileEncoding = 4; lastKnownFileType = sourcecode.swift; path = MotivationViewController.swift; sourceTree = "<group>"; };
		72807F4AAF1199E9FF75DBA2 /* SettingsViewController.swift */ = {isa = PBXFileReference; fileEncoding = 4; lastKnownFileType = sourcecode.swift; path = SettingsViewController.swift; sourceTree = "<group>"; };
		8107DE3F40E1BD3A8F63FAF8 /* Pods-Productivity Tracker.debug.xcconfig */ = {isa = PBXFileReference; includeInIndex = 1; lastKnownFileType = text.xcconfig; name = "Pods-Productivity Tracker.debug.xcconfig"; path = "Target Support Files/Pods-Productivity Tracker/Pods-Productivity Tracker.debug.xcconfig"; sourceTree = "<group>"; };
		F65680542670CA4800266167 /* MotivationViewController+Delegate.swift */ = {isa = PBXFileReference; lastKnownFileType = sourcecode.swift; path = "MotivationViewController+Delegate.swift"; sourceTree = "<group>"; };
		F65680562670F64700266167 /* ActivitiesViewDelegate.swift */ = {isa = PBXFileReference; lastKnownFileType = sourcecode.swift; path = ActivitiesViewDelegate.swift; sourceTree = "<group>"; };
		F65680582670F66D00266167 /* ActivitiesViewController+Delegate.swift */ = {isa = PBXFileReference; lastKnownFileType = sourcecode.swift; path = "ActivitiesViewController+Delegate.swift"; sourceTree = "<group>"; };
		F656805A26710EA600266167 /* CreateActivityViewController.swift */ = {isa = PBXFileReference; lastKnownFileType = sourcecode.swift; path = CreateActivityViewController.swift; sourceTree = "<group>"; };
		F6B5AD05264C947C005B3CCC /* Productivity Tracker.app */ = {isa = PBXFileReference; explicitFileType = wrapper.application; includeInIndex = 0; path = "Productivity Tracker.app"; sourceTree = BUILT_PRODUCTS_DIR; };
		F6B5AD08264C947C005B3CCC /* AppDelegate.swift */ = {isa = PBXFileReference; lastKnownFileType = sourcecode.swift; path = AppDelegate.swift; sourceTree = "<group>"; };
		F6B5AD0A264C947C005B3CCC /* SceneDelegate.swift */ = {isa = PBXFileReference; lastKnownFileType = sourcecode.swift; path = SceneDelegate.swift; sourceTree = "<group>"; };
		F6B5AD12264C947C005B3CCC /* Productivity_Tracker.xcdatamodel */ = {isa = PBXFileReference; lastKnownFileType = wrapper.xcdatamodel; path = Productivity_Tracker.xcdatamodel; sourceTree = "<group>"; };
		F6B5AD14264C947D005B3CCC /* Assets.xcassets */ = {isa = PBXFileReference; lastKnownFileType = folder.assetcatalog; path = Assets.xcassets; sourceTree = "<group>"; };
		F6B5AD17264C947D005B3CCC /* Base */ = {isa = PBXFileReference; lastKnownFileType = file.storyboard; name = Base; path = Base.lproj/LaunchScreen.storyboard; sourceTree = "<group>"; };
		F6B5AD19264C947D005B3CCC /* Info.plist */ = {isa = PBXFileReference; lastKnownFileType = text.plist.xml; path = Info.plist; sourceTree = "<group>"; };
		F6B5AD20264C94BE005B3CCC /* AppCoordinator.swift */ = {isa = PBXFileReference; lastKnownFileType = sourcecode.swift; path = AppCoordinator.swift; sourceTree = "<group>"; };
		F6B5AD25264C96AA005B3CCC /* HomeViewController.swift */ = {isa = PBXFileReference; lastKnownFileType = sourcecode.swift; path = HomeViewController.swift; sourceTree = "<group>"; };
		F6B9B53B268E0D2B004EFD92 /* ActivityItem+CoreDataClass.swift */ = {isa = PBXFileReference; lastKnownFileType = sourcecode.swift; path = "ActivityItem+CoreDataClass.swift"; sourceTree = "<group>"; };
		F6B9B53C268E0D2B004EFD92 /* ActivityItem+CoreDataProperties.swift */ = {isa = PBXFileReference; lastKnownFileType = sourcecode.swift; path = "ActivityItem+CoreDataProperties.swift"; sourceTree = "<group>"; };
		F6B9B53D268E0D2B004EFD92 /* ActivityScore+CoreDataClass.swift */ = {isa = PBXFileReference; lastKnownFileType = sourcecode.swift; path = "ActivityScore+CoreDataClass.swift"; sourceTree = "<group>"; };
		F6B9B53E268E0D2B004EFD92 /* ActivityScore+CoreDataProperties.swift */ = {isa = PBXFileReference; lastKnownFileType = sourcecode.swift; path = "ActivityScore+CoreDataProperties.swift"; sourceTree = "<group>"; };
/* End PBXFileReference section */

/* Begin PBXFrameworksBuildPhase section */
		F6B5AD02264C947C005B3CCC /* Frameworks */ = {
			isa = PBXFrameworksBuildPhase;
			buildActionMask = 2147483647;
			files = (
				8A2EC94D41ABFB926B243AD1 /* Pods_Productivity_Tracker.framework in Frameworks */,
			);
			runOnlyForDeploymentPostprocessing = 0;
		};
/* End PBXFrameworksBuildPhase section */

/* Begin PBXGroup section */
		120B1349961D0AD5FBA972D4 /* Pods */ = {
			isa = PBXGroup;
			children = (
				8107DE3F40E1BD3A8F63FAF8 /* Pods-Productivity Tracker.debug.xcconfig */,
				678F7923EE116254B419D0B1 /* Pods-Productivity Tracker.release.xcconfig */,
			);
			path = Pods;
			sourceTree = "<group>";
		};
		6502931E26553CE700EC5585 /* Repository */ = {
			isa = PBXGroup;
			children = (
				6502931F26553D2000EC5585 /* ActivityRepositoryProtocol.swift */,
				650293222655B0F700EC5585 /* ActivityDataRepository.swift */,
			);
			path = Repository;
			sourceTree = "<group>";
		};
		6519EA3326544D8000ECF84F /* Presenter */ = {
			isa = PBXGroup;
			children = (
				655A86DB26725CE800425E5F /* LoginViewPresenter.swift */,
				656944DB2670839E0034D52C /* MotivationPresenter.swift */,
				656944E4267087400034D52C /* OverviewPresenter.swift */,
				656944E62670874D0034D52C /* HomeViewPresenter.swift */,
				656944E82670875C0034D52C /* ActivitiesPresenter.swift */,
				656944EA267087650034D52C /* SettingsPresenter.swift */,
			);
			path = Presenter;
			sourceTree = "<group>";
		};
		6519EA3426544D8C00ECF84F /* Model */ = {
			isa = PBXGroup;
			children = (
				F6B9B53B268E0D2B004EFD92 /* ActivityItem+CoreDataClass.swift */,
				F6B9B53C268E0D2B004EFD92 /* ActivityItem+CoreDataProperties.swift */,
				F6B9B53D268E0D2B004EFD92 /* ActivityScore+CoreDataClass.swift */,
				F6B9B53E268E0D2B004EFD92 /* ActivityScore+CoreDataProperties.swift */,
				650293252655B2A700EC5585 /* ActivityCoreDataSourceProtocol.swift */,
				654501212654671200F31431 /* Activity.swift */,
				650293282655B4F500EC5585 /* ActivityCoreDataSource.swift */,
				656944D6266FFFB30034D52C /* RequestError.swift */,
			);
			path = Model;
			sourceTree = "<group>";
		};
		6519EA3526544D9000ECF84F /* NetworkService */ = {
			isa = PBXGroup;
			children = (
				656944D2266FFF5F0034D52C /* NetworkService.swift */,
				656944D4266FFF830034D52C /* NetworkingProtocol.swift */,
			);
			path = NetworkService;
			sourceTree = "<group>";
		};
		6545011A2654636700F31431 /* PresentationLayer */ = {
			isa = PBXGroup;
			children = (
				F6B5AD22264C958A005B3CCC /* ViewControllers */,
				6519EA3326544D8000ECF84F /* Presenter */,
				F6B5AD1F264C94A2005B3CCC /* Coordinator */,
			);
			path = PresentationLayer;
			sourceTree = "<group>";
		};
		6545011B2654637300F31431 /* DomainLayer */ = {
			isa = PBXGroup;
			children = (
				6502931B26553CA200EC5585 /* ActivityUseCase.swift */,
			);
			path = DomainLayer;
			sourceTree = "<group>";
		};
		6545011C2654637800F31431 /* DataLayer */ = {
			isa = PBXGroup;
			children = (
				6519EA3426544D8C00ECF84F /* Model */,
			);
			path = DataLayer;
			sourceTree = "<group>";
		};
		6545011F2654640600F31431 /* SupportingFiles */ = {
			isa = PBXGroup;
			children = (
				652CDEE42672845000A7BE2F /* GoogleService-Info.plist */,
				F6B5AD08264C947C005B3CCC /* AppDelegate.swift */,
				F6B5AD0A264C947C005B3CCC /* SceneDelegate.swift */,
				F6B5AD14264C947D005B3CCC /* Assets.xcassets */,
				F6B5AD16264C947D005B3CCC /* LaunchScreen.storyboard */,
			);
			path = SupportingFiles;
			sourceTree = "<group>";
		};
		655A86DD26725CED00425E5F /* LoginView */ = {
			isa = PBXGroup;
			children = (
				655A86DE26725CFF00425E5F /* LoginViewController.swift */,
				655A86E026725D1100425E5F /* LoginViewController+Design.swift */,
				652CDEE6267297D400A7BE2F /* LoginViewProtocol.swift */,
				652CDEE82672A10F00A7BE2F /* LoginResponse.swift */,
			);
			path = LoginView;
			sourceTree = "<group>";
		};
		656944DA267083570034D52C /* MotivationView */ = {
			isa = PBXGroup;
			children = (
				72807D6EE4BE58362C400579 /* MotivationViewController.swift */,
				656944CE266FEEAE0034D52C /* MotivationViewController+Design.swift */,
				656944DD2670848F0034D52C /* MotivationViewProtocol.swift */,
				656944CC266FED5D0034D52C /* Quote.swift */,
				F65680542670CA4800266167 /* MotivationViewController+Delegate.swift */,
			);
			path = MotivationView;
			sourceTree = "<group>";
		};
		656944DF2670860F0034D52C /* OverviewView */ = {
			isa = PBXGroup;
			children = (
				728077C3571B6A7AACCEE60E /* OverviewViewController.swift */,
				6589AD372692FA6E00A95016 /* OverviewViewController+Design.swift */,
			);
			path = OverviewView;
			sourceTree = "<group>";
		};
		656944E0267086250034D52C /* HomeView */ = {
			isa = PBXGroup;
			children = (
				F6B5AD25264C96AA005B3CCC /* HomeViewController.swift */,
				656944EC2670929F0034D52C /* HomeViewController+Design.swift */,
				656944F02670B0FC0034D52C /* CollectionViewCell */,
			);
			path = HomeView;
			sourceTree = "<group>";
		};
		656944E22670863E0034D52C /* ActivitiesView */ = {
			isa = PBXGroup;
			children = (
				F656805A26710EA600266167 /* CreateActivityViewController.swift */,
				7280799B0B385475E2E1A51A /* ActivitiesViewController.swift */,
				6502931526550B1700EC5585 /* ActivitiesViewController+Design.swift */,
				656944F12670B1150034D52C /* ActivityCell */,
				F65680562670F64700266167 /* ActivitiesViewDelegate.swift */,
				F65680582670F66D00266167 /* ActivitiesViewController+Delegate.swift */,
			);
			path = ActivitiesView;
			sourceTree = "<group>";
		};
		656944E3267086480034D52C /* SettingsView */ = {
			isa = PBXGroup;
			children = (
				72807F4AAF1199E9FF75DBA2 /* SettingsViewController.swift */,
				656944CA266FE3D40034D52C /* SettingsViewController+Design.swift */,
			);
			path = SettingsView;
			sourceTree = "<group>";
		};
		656944F02670B0FC0034D52C /* CollectionViewCell */ = {
			isa = PBXGroup;
			children = (
				6520D2F8265C3ED000F223F9 /* ActivityCollectionViewCell.swift */,
				656944EE267093440034D52C /* ActivityCollectionViewCell+Design.swift */,
			);
			path = CollectionViewCell;
			sourceTree = "<group>";
		};
		656944F12670B1150034D52C /* ActivityCell */ = {
			isa = PBXGroup;
			children = (
				6520D2F1265C35AB00F223F9 /* ActivityCell.swift */,
			);
			path = ActivityCell;
			sourceTree = "<group>";
		};
		B0F7A1FAA2378D8EF059DF0A /* Frameworks */ = {
			isa = PBXGroup;
			children = (
				38CF94237607BA1F6AB0D99F /* Pods_Productivity_Tracker.framework */,
			);
			name = Frameworks;
			sourceTree = "<group>";
		};
		F6B5ACFC264C947C005B3CCC = {
			isa = PBXGroup;
			children = (
				F6B5AD07264C947C005B3CCC /* Productivity Tracker */,
				6545011F2654640600F31431 /* SupportingFiles */,
				F6B5AD06264C947C005B3CCC /* Products */,
				120B1349961D0AD5FBA972D4 /* Pods */,
				B0F7A1FAA2378D8EF059DF0A /* Frameworks */,
			);
			sourceTree = "<group>";
		};
		F6B5AD06264C947C005B3CCC /* Products */ = {
			isa = PBXGroup;
			children = (
				F6B5AD05264C947C005B3CCC /* Productivity Tracker.app */,
			);
			name = Products;
			sourceTree = "<group>";
		};
		F6B5AD07264C947C005B3CCC /* Productivity Tracker */ = {
			isa = PBXGroup;
			children = (
				6545011A2654636700F31431 /* PresentationLayer */,
				6545011B2654637300F31431 /* DomainLayer */,
				6545011C2654637800F31431 /* DataLayer */,
				6519EA3526544D9000ECF84F /* NetworkService */,
				F6B5AD19264C947D005B3CCC /* Info.plist */,
				F6B5AD11264C947C005B3CCC /* Productivity_Tracker.xcdatamodeld */,
				6502931E26553CE700EC5585 /* Repository */,
			);
			path = "Productivity Tracker";
			sourceTree = "<group>";
		};
		F6B5AD1F264C94A2005B3CCC /* Coordinator */ = {
			isa = PBXGroup;
			children = (
				F6B5AD20264C94BE005B3CCC /* AppCoordinator.swift */,
			);
			path = Coordinator;
			sourceTree = "<group>";
		};
		F6B5AD22264C958A005B3CCC /* ViewControllers */ = {
			isa = PBXGroup;
			children = (
				655A86DD26725CED00425E5F /* LoginView */,
				656944DA267083570034D52C /* MotivationView */,
				656944DF2670860F0034D52C /* OverviewView */,
				656944E0267086250034D52C /* HomeView */,
				656944E22670863E0034D52C /* ActivitiesView */,
				656944E3267086480034D52C /* SettingsView */,
			);
			path = ViewControllers;
			sourceTree = "<group>";
		};
/* End PBXGroup section */

/* Begin PBXNativeTarget section */
		F6B5AD04264C947C005B3CCC /* Productivity Tracker */ = {
			isa = PBXNativeTarget;
			buildConfigurationList = F6B5AD1C264C947D005B3CCC /* Build configuration list for PBXNativeTarget "Productivity Tracker" */;
			buildPhases = (
				2ED048E5918B107A441EC16C /* [CP] Check Pods Manifest.lock */,
				F6B5AD01264C947C005B3CCC /* Sources */,
				F6B5AD02264C947C005B3CCC /* Frameworks */,
				F6B5AD03264C947C005B3CCC /* Resources */,
				83BC1A2B0D0A8E22423A4DC4 /* [CP] Embed Pods Frameworks */,
			);
			buildRules = (
			);
			dependencies = (
			);
			name = "Productivity Tracker";
			productName = "Productivity Tracker";
			productReference = F6B5AD05264C947C005B3CCC /* Productivity Tracker.app */;
			productType = "com.apple.product-type.application";
		};
/* End PBXNativeTarget section */

/* Begin PBXProject section */
		F6B5ACFD264C947C005B3CCC /* Project object */ = {
			isa = PBXProject;
			attributes = {
				LastSwiftUpdateCheck = 1250;
				LastUpgradeCheck = 1250;
				TargetAttributes = {
					F6B5AD04264C947C005B3CCC = {
						CreatedOnToolsVersion = 12.5;
					};
				};
			};
			buildConfigurationList = F6B5AD00264C947C005B3CCC /* Build configuration list for PBXProject "Productivity Tracker" */;
			compatibilityVersion = "Xcode 9.3";
			developmentRegion = en;
			hasScannedForEncodings = 0;
			knownRegions = (
				en,
				Base,
			);
			mainGroup = F6B5ACFC264C947C005B3CCC;
			productRefGroup = F6B5AD06264C947C005B3CCC /* Products */;
			projectDirPath = "";
			projectRoot = "";
			targets = (
				F6B5AD04264C947C005B3CCC /* Productivity Tracker */,
			);
		};
/* End PBXProject section */

/* Begin PBXResourcesBuildPhase section */
		F6B5AD03264C947C005B3CCC /* Resources */ = {
			isa = PBXResourcesBuildPhase;
			buildActionMask = 2147483647;
			files = (
				F6B5AD18264C947D005B3CCC /* LaunchScreen.storyboard in Resources */,
				F6B5AD15264C947D005B3CCC /* Assets.xcassets in Resources */,
				652CDEE52672845000A7BE2F /* GoogleService-Info.plist in Resources */,
			);
			runOnlyForDeploymentPostprocessing = 0;
		};
/* End PBXResourcesBuildPhase section */

/* Begin PBXShellScriptBuildPhase section */
		2ED048E5918B107A441EC16C /* [CP] Check Pods Manifest.lock */ = {
			isa = PBXShellScriptBuildPhase;
			buildActionMask = 2147483647;
			files = (
			);
			inputFileListPaths = (
			);
			inputPaths = (
				"${PODS_PODFILE_DIR_PATH}/Podfile.lock",
				"${PODS_ROOT}/Manifest.lock",
			);
			name = "[CP] Check Pods Manifest.lock";
			outputFileListPaths = (
			);
			outputPaths = (
				"$(DERIVED_FILE_DIR)/Pods-Productivity Tracker-checkManifestLockResult.txt",
			);
			runOnlyForDeploymentPostprocessing = 0;
			shellPath = /bin/sh;
			shellScript = "diff \"${PODS_PODFILE_DIR_PATH}/Podfile.lock\" \"${PODS_ROOT}/Manifest.lock\" > /dev/null\nif [ $? != 0 ] ; then\n    # print error to STDERR\n    echo \"error: The sandbox is not in sync with the Podfile.lock. Run 'pod install' or update your CocoaPods installation.\" >&2\n    exit 1\nfi\n# This output is used by Xcode 'outputs' to avoid re-running this script phase.\necho \"SUCCESS\" > \"${SCRIPT_OUTPUT_FILE_0}\"\n";
			showEnvVarsInLog = 0;
		};
		83BC1A2B0D0A8E22423A4DC4 /* [CP] Embed Pods Frameworks */ = {
			isa = PBXShellScriptBuildPhase;
			buildActionMask = 2147483647;
			files = (
			);
			inputFileListPaths = (
				"${PODS_ROOT}/Target Support Files/Pods-Productivity Tracker/Pods-Productivity Tracker-frameworks-${CONFIGURATION}-input-files.xcfilelist",
			);
			name = "[CP] Embed Pods Frameworks";
			outputFileListPaths = (
				"${PODS_ROOT}/Target Support Files/Pods-Productivity Tracker/Pods-Productivity Tracker-frameworks-${CONFIGURATION}-output-files.xcfilelist",
			);
			runOnlyForDeploymentPostprocessing = 0;
			shellPath = /bin/sh;
			shellScript = "\"${PODS_ROOT}/Target Support Files/Pods-Productivity Tracker/Pods-Productivity Tracker-frameworks.sh\"\n";
			showEnvVarsInLog = 0;
		};
/* End PBXShellScriptBuildPhase section */

/* Begin PBXSourcesBuildPhase section */
		F6B5AD01264C947C005B3CCC /* Sources */ = {
			isa = PBXSourcesBuildPhase;
			buildActionMask = 2147483647;
			files = (
				F6B5AD09264C947C005B3CCC /* AppDelegate.swift in Sources */,
				F656805B26710EA600266167 /* CreateActivityViewController.swift in Sources */,
				656944E92670875C0034D52C /* ActivitiesPresenter.swift in Sources */,
				F6B9B541268E0D2B004EFD92 /* ActivityScore+CoreDataClass.swift in Sources */,
				650293292655B4F500EC5585 /* ActivityCoreDataSource.swift in Sources */,
				F65680592670F66D00266167 /* ActivitiesViewController+Delegate.swift in Sources */,
				F6B5AD21264C94BE005B3CCC /* AppCoordinator.swift in Sources */,
				F6B5AD13264C947C005B3CCC /* Productivity_Tracker.xcdatamodeld in Sources */,
				656944D3266FFF5F0034D52C /* NetworkService.swift in Sources */,
				F6B5AD0B264C947C005B3CCC /* SceneDelegate.swift in Sources */,
				655A86DC26725CE800425E5F /* LoginViewPresenter.swift in Sources */,
				656944EF267093440034D52C /* ActivityCollectionViewCell+Design.swift in Sources */,
				656944D5266FFF830034D52C /* NetworkingProtocol.swift in Sources */,
				656944D7266FFFB30034D52C /* RequestError.swift in Sources */,
				6502932026553D2000EC5585 /* ActivityRepositoryProtocol.swift in Sources */,
				6502931C26553CA200EC5585 /* ActivityUseCase.swift in Sources */,
				656944DE2670848F0034D52C /* MotivationViewProtocol.swift in Sources */,
				F6B9B542268E0D2B004EFD92 /* ActivityScore+CoreDataProperties.swift in Sources */,
				F6B5AD26264C96AA005B3CCC /* HomeViewController.swift in Sources */,
				656944CB266FE3D40034D52C /* SettingsViewController+Design.swift in Sources */,
				7280789EB48A7D9F15DD7643 /* MotivationViewController.swift in Sources */,
				656944CD266FED5D0034D52C /* Quote.swift in Sources */,
				6502931626550B1700EC5585 /* ActivitiesViewController+Design.swift in Sources */,
				656944E5267087400034D52C /* OverviewPresenter.swift in Sources */,
				6520D2F9265C3ED000F223F9 /* ActivityCollectionViewCell.swift in Sources */,
				656944CF266FEEAE0034D52C /* MotivationViewController+Design.swift in Sources */,
				656944ED2670929F0034D52C /* HomeViewController+Design.swift in Sources */,
				655A86E126725D1100425E5F /* LoginViewController+Design.swift in Sources */,
				6520D2F2265C35AB00F223F9 /* ActivityCell.swift in Sources */,
				72807905F267C69539D692D7 /* OverviewViewController.swift in Sources */,
				652CDEE7267297D400A7BE2F /* LoginViewProtocol.swift in Sources */,
				728077366ADA2B308E3C0BA0 /* ActivitiesViewController.swift in Sources */,
				650293232655B0F700EC5585 /* ActivityDataRepository.swift in Sources */,
				652CDEE92672A10F00A7BE2F /* LoginResponse.swift in Sources */,
				656944E72670874D0034D52C /* HomeViewPresenter.swift in Sources */,
				654501222654671200F31431 /* Activity.swift in Sources */,
				F6B9B53F268E0D2B004EFD92 /* ActivityItem+CoreDataClass.swift in Sources */,
				656944EB267087650034D52C /* SettingsPresenter.swift in Sources */,
				F65680552670CA4800266167 /* MotivationViewController+Delegate.swift in Sources */,
				650293262655B2A700EC5585 /* ActivityCoreDataSourceProtocol.swift in Sources */,
				656944DC2670839E0034D52C /* MotivationPresenter.swift in Sources */,
				6589AD382692FA6E00A95016 /* OverviewViewController+Design.swift in Sources */,
				F65680572670F64700266167 /* ActivitiesViewDelegate.swift in Sources */,
				F6B9B540268E0D2B004EFD92 /* ActivityItem+CoreDataProperties.swift in Sources */,
				655A86DF26725CFF00425E5F /* LoginViewController.swift in Sources */,
				72807EC0818E5653456CC9C0 /* SettingsViewController.swift in Sources */,
			);
			runOnlyForDeploymentPostprocessing = 0;
		};
/* End PBXSourcesBuildPhase section */

/* Begin PBXVariantGroup section */
		F6B5AD16264C947D005B3CCC /* LaunchScreen.storyboard */ = {
			isa = PBXVariantGroup;
			children = (
				F6B5AD17264C947D005B3CCC /* Base */,
			);
			name = LaunchScreen.storyboard;
			sourceTree = "<group>";
		};
/* End PBXVariantGroup section */

/* Begin XCBuildConfiguration section */
		F6B5AD1A264C947D005B3CCC /* Debug */ = {
			isa = XCBuildConfiguration;
			buildSettings = {
				ALWAYS_SEARCH_USER_PATHS = NO;
				CLANG_ANALYZER_NONNULL = YES;
				CLANG_ANALYZER_NUMBER_OBJECT_CONVERSION = YES_AGGRESSIVE;
				CLANG_CXX_LANGUAGE_STANDARD = "gnu++14";
				CLANG_CXX_LIBRARY = "libc++";
				CLANG_ENABLE_MODULES = YES;
				CLANG_ENABLE_OBJC_ARC = YES;
				CLANG_ENABLE_OBJC_WEAK = YES;
				CLANG_WARN_BLOCK_CAPTURE_AUTORELEASING = YES;
				CLANG_WARN_BOOL_CONVERSION = YES;
				CLANG_WARN_COMMA = YES;
				CLANG_WARN_CONSTANT_CONVERSION = YES;
				CLANG_WARN_DEPRECATED_OBJC_IMPLEMENTATIONS = YES;
				CLANG_WARN_DIRECT_OBJC_ISA_USAGE = YES_ERROR;
				CLANG_WARN_DOCUMENTATION_COMMENTS = YES;
				CLANG_WARN_EMPTY_BODY = YES;
				CLANG_WARN_ENUM_CONVERSION = YES;
				CLANG_WARN_INFINITE_RECURSION = YES;
				CLANG_WARN_INT_CONVERSION = YES;
				CLANG_WARN_NON_LITERAL_NULL_CONVERSION = YES;
				CLANG_WARN_OBJC_IMPLICIT_RETAIN_SELF = YES;
				CLANG_WARN_OBJC_LITERAL_CONVERSION = YES;
				CLANG_WARN_OBJC_ROOT_CLASS = YES_ERROR;
				CLANG_WARN_QUOTED_INCLUDE_IN_FRAMEWORK_HEADER = YES;
				CLANG_WARN_RANGE_LOOP_ANALYSIS = YES;
				CLANG_WARN_STRICT_PROTOTYPES = YES;
				CLANG_WARN_SUSPICIOUS_MOVE = YES;
				CLANG_WARN_UNGUARDED_AVAILABILITY = YES_AGGRESSIVE;
				CLANG_WARN_UNREACHABLE_CODE = YES;
				CLANG_WARN__DUPLICATE_METHOD_MATCH = YES;
				COPY_PHASE_STRIP = NO;
				DEBUG_INFORMATION_FORMAT = dwarf;
				ENABLE_STRICT_OBJC_MSGSEND = YES;
				ENABLE_TESTABILITY = YES;
				GCC_C_LANGUAGE_STANDARD = gnu11;
				GCC_DYNAMIC_NO_PIC = NO;
				GCC_NO_COMMON_BLOCKS = YES;
				GCC_OPTIMIZATION_LEVEL = 0;
				GCC_PREPROCESSOR_DEFINITIONS = (
					"DEBUG=1",
					"$(inherited)",
				);
				GCC_WARN_64_TO_32_BIT_CONVERSION = YES;
				GCC_WARN_ABOUT_RETURN_TYPE = YES_ERROR;
				GCC_WARN_UNDECLARED_SELECTOR = YES;
				GCC_WARN_UNINITIALIZED_AUTOS = YES_AGGRESSIVE;
				GCC_WARN_UNUSED_FUNCTION = YES;
				GCC_WARN_UNUSED_VARIABLE = YES;
				IPHONEOS_DEPLOYMENT_TARGET = 14.5;
				MTL_ENABLE_DEBUG_INFO = INCLUDE_SOURCE;
				MTL_FAST_MATH = YES;
				ONLY_ACTIVE_ARCH = YES;
				SDKROOT = iphoneos;
				SWIFT_ACTIVE_COMPILATION_CONDITIONS = DEBUG;
				SWIFT_OPTIMIZATION_LEVEL = "-Onone";
			};
			name = Debug;
		};
		F6B5AD1B264C947D005B3CCC /* Release */ = {
			isa = XCBuildConfiguration;
			buildSettings = {
				ALWAYS_SEARCH_USER_PATHS = NO;
				CLANG_ANALYZER_NONNULL = YES;
				CLANG_ANALYZER_NUMBER_OBJECT_CONVERSION = YES_AGGRESSIVE;
				CLANG_CXX_LANGUAGE_STANDARD = "gnu++14";
				CLANG_CXX_LIBRARY = "libc++";
				CLANG_ENABLE_MODULES = YES;
				CLANG_ENABLE_OBJC_ARC = YES;
				CLANG_ENABLE_OBJC_WEAK = YES;
				CLANG_WARN_BLOCK_CAPTURE_AUTORELEASING = YES;
				CLANG_WARN_BOOL_CONVERSION = YES;
				CLANG_WARN_COMMA = YES;
				CLANG_WARN_CONSTANT_CONVERSION = YES;
				CLANG_WARN_DEPRECATED_OBJC_IMPLEMENTATIONS = YES;
				CLANG_WARN_DIRECT_OBJC_ISA_USAGE = YES_ERROR;
				CLANG_WARN_DOCUMENTATION_COMMENTS = YES;
				CLANG_WARN_EMPTY_BODY = YES;
				CLANG_WARN_ENUM_CONVERSION = YES;
				CLANG_WARN_INFINITE_RECURSION = YES;
				CLANG_WARN_INT_CONVERSION = YES;
				CLANG_WARN_NON_LITERAL_NULL_CONVERSION = YES;
				CLANG_WARN_OBJC_IMPLICIT_RETAIN_SELF = YES;
				CLANG_WARN_OBJC_LITERAL_CONVERSION = YES;
				CLANG_WARN_OBJC_ROOT_CLASS = YES_ERROR;
				CLANG_WARN_QUOTED_INCLUDE_IN_FRAMEWORK_HEADER = YES;
				CLANG_WARN_RANGE_LOOP_ANALYSIS = YES;
				CLANG_WARN_STRICT_PROTOTYPES = YES;
				CLANG_WARN_SUSPICIOUS_MOVE = YES;
				CLANG_WARN_UNGUARDED_AVAILABILITY = YES_AGGRESSIVE;
				CLANG_WARN_UNREACHABLE_CODE = YES;
				CLANG_WARN__DUPLICATE_METHOD_MATCH = YES;
				COPY_PHASE_STRIP = NO;
				DEBUG_INFORMATION_FORMAT = "dwarf-with-dsym";
				ENABLE_NS_ASSERTIONS = NO;
				ENABLE_STRICT_OBJC_MSGSEND = YES;
				GCC_C_LANGUAGE_STANDARD = gnu11;
				GCC_NO_COMMON_BLOCKS = YES;
				GCC_WARN_64_TO_32_BIT_CONVERSION = YES;
				GCC_WARN_ABOUT_RETURN_TYPE = YES_ERROR;
				GCC_WARN_UNDECLARED_SELECTOR = YES;
				GCC_WARN_UNINITIALIZED_AUTOS = YES_AGGRESSIVE;
				GCC_WARN_UNUSED_FUNCTION = YES;
				GCC_WARN_UNUSED_VARIABLE = YES;
				IPHONEOS_DEPLOYMENT_TARGET = 14.5;
				MTL_ENABLE_DEBUG_INFO = NO;
				MTL_FAST_MATH = YES;
				SDKROOT = iphoneos;
				SWIFT_COMPILATION_MODE = wholemodule;
				SWIFT_OPTIMIZATION_LEVEL = "-O";
				VALIDATE_PRODUCT = YES;
			};
			name = Release;
		};
		F6B5AD1D264C947D005B3CCC /* Debug */ = {
			isa = XCBuildConfiguration;
			baseConfigurationReference = 8107DE3F40E1BD3A8F63FAF8 /* Pods-Productivity Tracker.debug.xcconfig */;
			buildSettings = {
				ASSETCATALOG_COMPILER_APPICON_NAME = AppIcon;
				ASSETCATALOG_COMPILER_GLOBAL_ACCENT_COLOR_NAME = AccentColor;
				CODE_SIGN_STYLE = Automatic;
				DEVELOPMENT_TEAM = C7L62PRT2R;
				INFOPLIST_FILE = "Productivity Tracker/Info.plist";
				IPHONEOS_DEPLOYMENT_TARGET = 14.1;
				LD_RUNPATH_SEARCH_PATHS = (
					"$(inherited)",
					"@executable_path/Frameworks",
				);
				PRODUCT_BUNDLE_IDENTIFIER = "com.antoniomarkotic.Productivity-Tracker";
				PRODUCT_NAME = "$(TARGET_NAME)";
				SWIFT_VERSION = 5.0;
				TARGETED_DEVICE_FAMILY = "1,2";
			};
			name = Debug;
		};
		F6B5AD1E264C947D005B3CCC /* Release */ = {
			isa = XCBuildConfiguration;
			baseConfigurationReference = 678F7923EE116254B419D0B1 /* Pods-Productivity Tracker.release.xcconfig */;
			buildSettings = {
				ASSETCATALOG_COMPILER_APPICON_NAME = AppIcon;
				ASSETCATALOG_COMPILER_GLOBAL_ACCENT_COLOR_NAME = AccentColor;
				CODE_SIGN_STYLE = Automatic;
				DEVELOPMENT_TEAM = C7L62PRT2R;
				INFOPLIST_FILE = "Productivity Tracker/Info.plist";
				IPHONEOS_DEPLOYMENT_TARGET = 14.1;
				LD_RUNPATH_SEARCH_PATHS = (
					"$(inherited)",
					"@executable_path/Frameworks",
				);
				PRODUCT_BUNDLE_IDENTIFIER = "com.antoniomarkotic.Productivity-Tracker";
				PRODUCT_NAME = "$(TARGET_NAME)";
				SWIFT_VERSION = 5.0;
				TARGETED_DEVICE_FAMILY = "1,2";
			};
			name = Release;
		};
/* End XCBuildConfiguration section */

/* Begin XCConfigurationList section */
		F6B5AD00264C947C005B3CCC /* Build configuration list for PBXProject "Productivity Tracker" */ = {
			isa = XCConfigurationList;
			buildConfigurations = (
				F6B5AD1A264C947D005B3CCC /* Debug */,
				F6B5AD1B264C947D005B3CCC /* Release */,
			);
			defaultConfigurationIsVisible = 0;
			defaultConfigurationName = Release;
		};
		F6B5AD1C264C947D005B3CCC /* Build configuration list for PBXNativeTarget "Productivity Tracker" */ = {
			isa = XCConfigurationList;
			buildConfigurations = (
				F6B5AD1D264C947D005B3CCC /* Debug */,
				F6B5AD1E264C947D005B3CCC /* Release */,
			);
			defaultConfigurationIsVisible = 0;
			defaultConfigurationName = Release;
		};
/* End XCConfigurationList section */

/* Begin XCVersionGroup section */
		F6B5AD11264C947C005B3CCC /* Productivity_Tracker.xcdatamodeld */ = {
			isa = XCVersionGroup;
			children = (
				F6B5AD12264C947C005B3CCC /* Productivity_Tracker.xcdatamodel */,
			);
			currentVersion = F6B5AD12264C947C005B3CCC /* Productivity_Tracker.xcdatamodel */;
			path = Productivity_Tracker.xcdatamodeld;
			sourceTree = "<group>";
			versionGroupType = wrapper.xcdatamodel;
		};
/* End XCVersionGroup section */
	};
	rootObject = F6B5ACFD264C947C005B3CCC /* Project object */;
}
